
Microsoft Visual Studio Solution File, Format Version 12.00
# Visual Studio Version 17
VisualStudioVersion = 17.14.36915.13
MinimumVisualStudioVersion = 10.0.40219.1
Project("{FAE04EC0-301F-11D3-BF4B-00C04F79EFBC}") = "TempUnitConverter", "TempUnitConverter\TempUnitConverter.csproj", "{A3354696-5225-4E3D-B02F-EE2FA1237B38}"
EndProject
Project("{FAE04EC0-301F-11D3-BF4B-00C04F79EFBC}") = "TestUnit", "TestUnit\TestUnit.csproj", "{5D61ADE3-9A91-484D-8316-97028357889D}"
EndProject
Global
	GlobalSection(SolutionConfigurationPlatforms) = preSolution
		Debug|Any CPU = Debug|Any CPU
		Release|Any CPU = Release|Any CPU
	EndGlobalSection
	GlobalSection(ProjectConfigurationPlatforms) = postSolution
		{A3354696-5225-4E3D-B02F-EE2FA1237B38}.Debug|Any CPU.ActiveCfg = Debug|Any CPU
		{A3354696-5225-4E3D-B02F-EE2FA1237B38}.Debug|Any CPU.Build.0 = Debug|Any CPU
		{A3354696-5225-4E3D-B02F-EE2FA1237B38}.Release|Any CPU.ActiveCfg = Release|Any CPU
		{A3354696-5225-4E3D-B02F-EE2FA1237B38}.Release|Any CPU.Build.0 = Release|Any CPU
		{5D61ADE3-9A91-484D-8316-97028357889D}.Debug|Any CPU.ActiveCfg = Debug|Any CPU
		{5D61ADE3-9A91-484D-8316-97028357889D}.Debug|Any CPU.Build.0 = Debug|Any CPU
		{5D61ADE3-9A91-484D-8316-97028357889D}.Release|Any CPU.ActiveCfg = Release|Any CPU
		{5D61ADE3-9A91-484D-8316-97028357889D}.Release|Any CPU.Build.0 = Release|Any CPU
	EndGlobalSection
	GlobalSection(SolutionProperties) = preSolution
		HideSolutionNode = FALSE
	EndGlobalSection
	GlobalSection(ExtensibilityGlobals) = postSolution
		SolutionGuid = {5B11AB2C-F8DE-4133-880B-8EA315A0F3CB}
	EndGlobalSection
EndGlobal
